// !$*UTF8*$!
{
	archiveVersion = 1;
	classes = {
	};
	objectVersion = 46;
	objects = {

/* Begin PBXBuildFile section */
		874F01071E652F1200807B8B /* AppDelegate.swift in Sources */ = {isa = PBXBuildFile; fileRef = 874F01061E652F1200807B8B /* AppDelegate.swift */; };
		874F01091E652F1200807B8B /* PlaceTableViewController.swift in Sources */ = {isa = PBXBuildFile; fileRef = 874F01081E652F1200807B8B /* PlaceTableViewController.swift */; };
		874F010C1E652F1200807B8B /* Main.storyboard in Resources */ = {isa = PBXBuildFile; fileRef = 874F010A1E652F1200807B8B /* Main.storyboard */; };
		874F010E1E652F1200807B8B /* Assets.xcassets in Resources */ = {isa = PBXBuildFile; fileRef = 874F010D1E652F1200807B8B /* Assets.xcassets */; };
		874F01111E652F1200807B8B /* LaunchScreen.storyboard in Resources */ = {isa = PBXBuildFile; fileRef = 874F010F1E652F1200807B8B /* LaunchScreen.storyboard */; };
		874F01191E656DC000807B8B /* Place.swift in Sources */ = {isa = PBXBuildFile; fileRef = 874F01181E656DC000807B8B /* Place.swift */; };
		874F011B1E656F8500807B8B /* PlaceTableViewCell.swift in Sources */ = {isa = PBXBuildFile; fileRef = 874F011A1E656F8500807B8B /* PlaceTableViewCell.swift */; };
		874F011D1E6579AA00807B8B /* EditPlaceViewController.swift in Sources */ = {isa = PBXBuildFile; fileRef = 874F011C1E6579AA00807B8B /* EditPlaceViewController.swift */; };
		875E40511E7560D40084FE22 /* UIColor.swift in Sources */ = {isa = PBXBuildFile; fileRef = 875E40501E7560D40084FE22 /* UIColor.swift */; };
		8772CEB91E6EBD8B00B73765 /* NoLocationViewController.swift in Sources */ = {isa = PBXBuildFile; fileRef = 8772CEB81E6EBD8B00B73765 /* NoLocationViewController.swift */; };
		877322271E667E2C00A35C30 /* PlaceDetailViewController.swift in Sources */ = {isa = PBXBuildFile; fileRef = 877322261E667E2C00A35C30 /* PlaceDetailViewController.swift */; };
		877322291E66CFD700A35C30 /* mylocation.gpx in Resources */ = {isa = PBXBuildFile; fileRef = 877322281E66CFD700A35C30 /* mylocation.gpx */; };
		8773222B1E66D02000A35C30 /* docdoc.gpx in Resources */ = {isa = PBXBuildFile; fileRef = 8773222A1E66D02000A35C30 /* docdoc.gpx */; };
/* End PBXBuildFile section */

/* Begin PBXFileReference section */
		12AF0F083D6D1A6C92078AAF /* Pods-GoSave.release.xcconfig */ = {isa = PBXFileReference; includeInIndex = 1; lastKnownFileType = text.xcconfig; name = "Pods-GoSave.release.xcconfig"; path = "Pods/Target Support Files/Pods-GoSave/Pods-GoSave.release.xcconfig"; sourceTree = "<group>"; };
		874F01031E652F1200807B8B /* GoSave.app */ = {isa = PBXFileReference; explicitFileType = wrapper.application; includeInIndex = 0; path = GoSave.app; sourceTree = BUILT_PRODUCTS_DIR; };
		874F01061E652F1200807B8B /* AppDelegate.swift */ = {isa = PBXFileReference; lastKnownFileType = sourcecode.swift; path = AppDelegate.swift; sourceTree = "<group>"; };
		874F01081E652F1200807B8B /* PlaceTableViewController.swift */ = {isa = PBXFileReference; lastKnownFileType = sourcecode.swift; path = PlaceTableViewController.swift; sourceTree = "<group>"; };
		874F010B1E652F1200807B8B /* Base */ = {isa = PBXFileReference; lastKnownFileType = file.storyboard; name = Base; path = Base.lproj/Main.storyboard; sourceTree = "<group>"; };
		874F010D1E652F1200807B8B /* Assets.xcassets */ = {isa = PBXFileReference; lastKnownFileType = folder.assetcatalog; path = Assets.xcassets; sourceTree = "<group>"; };
		874F01101E652F1200807B8B /* Base */ = {isa = PBXFileReference; lastKnownFileType = file.storyboard; name = Base; path = Base.lproj/LaunchScreen.storyboard; sourceTree = "<group>"; };
		874F01121E652F1200807B8B /* Info.plist */ = {isa = PBXFileReference; lastKnownFileType = text.plist.xml; path = Info.plist; sourceTree = "<group>"; };
		874F01181E656DC000807B8B /* Place.swift */ = {isa = PBXFileReference; fileEncoding = 4; lastKnownFileType = sourcecode.swift; path = Place.swift; sourceTree = "<group>"; };
		874F011A1E656F8500807B8B /* PlaceTableViewCell.swift */ = {isa = PBXFileReference; fileEncoding = 4; lastKnownFileType = sourcecode.swift; path = PlaceTableViewCell.swift; sourceTree = "<group>"; };
		874F011C1E6579AA00807B8B /* EditPlaceViewController.swift */ = {isa = PBXFileReference; fileEncoding = 4; lastKnownFileType = sourcecode.swift; path = EditPlaceViewController.swift; sourceTree = "<group>"; };
		875E40501E7560D40084FE22 /* UIColor.swift */ = {isa = PBXFileReference; fileEncoding = 4; lastKnownFileType = sourcecode.swift; path = UIColor.swift; sourceTree = "<group>"; };
		8772CEB81E6EBD8B00B73765 /* NoLocationViewController.swift */ = {isa = PBXFileReference; fileEncoding = 4; lastKnownFileType = sourcecode.swift; path = NoLocationViewController.swift; sourceTree = "<group>"; };
		877322261E667E2C00A35C30 /* PlaceDetailViewController.swift */ = {isa = PBXFileReference; fileEncoding = 4; lastKnownFileType = sourcecode.swift; path = PlaceDetailViewController.swift; sourceTree = "<group>"; };
		877322281E66CFD700A35C30 /* mylocation.gpx */ = {isa = PBXFileReference; fileEncoding = 4; lastKnownFileType = text.xml; path = mylocation.gpx; sourceTree = "<group>"; };
		8773222A1E66D02000A35C30 /* docdoc.gpx */ = {isa = PBXFileReference; fileEncoding = 4; lastKnownFileType = text.xml; path = docdoc.gpx; sourceTree = "<group>"; };
		87C5B24B1E682E500004A08D /* EA.gpx */ = {isa = PBXFileReference; lastKnownFileType = text.xml; name = EA.gpx; path = GoSave/EA.gpx; sourceTree = "<group>"; };
		9EFC9C9FA5EA5B1FEC6542B4 /* Pods-GoSave.debug.xcconfig */ = {isa = PBXFileReference; includeInIndex = 1; lastKnownFileType = text.xcconfig; name = "Pods-GoSave.debug.xcconfig"; path = "Pods/Target Support Files/Pods-GoSave/Pods-GoSave.debug.xcconfig"; sourceTree = "<group>"; };
/* End PBXFileReference section */

/* Begin PBXFrameworksBuildPhase section */
		874F01001E652F1100807B8B /* Frameworks */ = {
			isa = PBXFrameworksBuildPhase;
			buildActionMask = 2147483647;
			files = (
			);
			runOnlyForDeploymentPostprocessing = 0;
		};
/* End PBXFrameworksBuildPhase section */

/* Begin PBXGroup section */
		578700A9E8D998F6EFB43CB2 /* Pods */ = {
			isa = PBXGroup;
			children = (
				9EFC9C9FA5EA5B1FEC6542B4 /* Pods-GoSave.debug.xcconfig */,
				12AF0F083D6D1A6C92078AAF /* Pods-GoSave.release.xcconfig */,
			);
			name = Pods;
			sourceTree = "<group>";
		};
		874F00FA1E652F1100807B8B = {
			isa = PBXGroup;
			children = (
				876AAE4F1E69332700DD7682 /* Sample Location */,
				874F01051E652F1200807B8B /* GoSave */,
				874F01041E652F1200807B8B /* Products */,
				578700A9E8D998F6EFB43CB2 /* Pods */,
				C3C9ACA035748C3B78758354 /* Frameworks */,
			);
			sourceTree = "<group>";
		};
		874F01041E652F1200807B8B /* Products */ = {
			isa = PBXGroup;
			children = (
				874F01031E652F1200807B8B /* GoSave.app */,
			);
			name = Products;
			sourceTree = "<group>";
		};
		874F01051E652F1200807B8B /* GoSave */ = {
			isa = PBXGroup;
			children = (
				875E404F1E7560B20084FE22 /* extention */,
				875E404E1E7560610084FE22 /* custom views */,
				875E404D1E7560510084FE22 /* model */,
				875E404C1E7560360084FE22 /* controller */,
				874F01061E652F1200807B8B /* AppDelegate.swift */,
				874F010A1E652F1200807B8B /* Main.storyboard */,
				874F010D1E652F1200807B8B /* Assets.xcassets */,
				874F010F1E652F1200807B8B /* LaunchScreen.storyboard */,
				874F01121E652F1200807B8B /* Info.plist */,
			);
			path = GoSave;
			sourceTree = "<group>";
		};
		875E404C1E7560360084FE22 /* controller */ = {
			isa = PBXGroup;
			children = (
				874F01081E652F1200807B8B /* PlaceTableViewController.swift */,
				877322261E667E2C00A35C30 /* PlaceDetailViewController.swift */,
				874F011C1E6579AA00807B8B /* EditPlaceViewController.swift */,
				8772CEB81E6EBD8B00B73765 /* NoLocationViewController.swift */,
			);
			name = controller;
			sourceTree = "<group>";
		};
		875E404D1E7560510084FE22 /* model */ = {
			isa = PBXGroup;
			children = (
				874F01181E656DC000807B8B /* Place.swift */,
			);
			name = model;
			sourceTree = "<group>";
		};
		875E404E1E7560610084FE22 /* custom views */ = {
			isa = PBXGroup;
			children = (
				874F011A1E656F8500807B8B /* PlaceTableViewCell.swift */,
			);
			name = "custom views";
			sourceTree = "<group>";
		};
		875E404F1E7560B20084FE22 /* extention */ = {
			isa = PBXGroup;
			children = (
				875E40501E7560D40084FE22 /* UIColor.swift */,
			);
			name = extention;
			sourceTree = "<group>";
		};
		876AAE4F1E69332700DD7682 /* Sample Location */ = {
			isa = PBXGroup;
			children = (
				8773222A1E66D02000A35C30 /* docdoc.gpx */,
				877322281E66CFD700A35C30 /* mylocation.gpx */,
				87C5B24B1E682E500004A08D /* EA.gpx */,
			);
			name = "Sample Location";
			sourceTree = "<group>";
		};
		C3C9ACA035748C3B78758354 /* Frameworks */ = {
			isa = PBXGroup;
			children = (
			);
			name = Frameworks;
			sourceTree = "<group>";
		};
/* End PBXGroup section */

/* Begin PBXNativeTarget section */
		874F01021E652F1100807B8B /* GoSave */ = {
			isa = PBXNativeTarget;
			buildConfigurationList = 874F01151E652F1200807B8B /* Build configuration list for PBXNativeTarget "GoSave" */;
			buildPhases = (
				D43835ACFB78F0F378E4970A /* [CP] Check Pods Manifest.lock */,
				874F00FF1E652F1100807B8B /* Sources */,
				874F01001E652F1100807B8B /* Frameworks */,
				874F01011E652F1100807B8B /* Resources */,
				5E03F256DA7456045D339638 /* [CP] Embed Pods Frameworks */,
				C73B4F0ECAE2868A06AC8071 /* [CP] Copy Pods Resources */,
			);
			buildRules = (
			);
			dependencies = (
			);
			name = GoSave;
			productName = GoSave;
			productReference = 874F01031E652F1200807B8B /* GoSave.app */;
			productType = "com.apple.product-type.application";
		};
/* End PBXNativeTarget section */

/* Begin PBXProject section */
		874F00FB1E652F1100807B8B /* Project object */ = {
			isa = PBXProject;
			attributes = {
				LastSwiftUpdateCheck = 0820;
				LastUpgradeCheck = 0820;
				ORGANIZATIONNAME = "Thai Nguyen";
				TargetAttributes = {
					874F01021E652F1100807B8B = {
						CreatedOnToolsVersion = 8.2.1;
						DevelopmentTeam = F6F4W5PQ9B;
						ProvisioningStyle = Automatic;
					};
				};
			};
			buildConfigurationList = 874F00FE1E652F1100807B8B /* Build configuration list for PBXProject "GoSave" */;
			compatibilityVersion = "Xcode 3.2";
			developmentRegion = English;
			hasScannedForEncodings = 0;
			knownRegions = (
				en,
				Base,
			);
			mainGroup = 874F00FA1E652F1100807B8B;
			productRefGroup = 874F01041E652F1200807B8B /* Products */;
			projectDirPath = "";
			projectRoot = "";
			targets = (
				874F01021E652F1100807B8B /* GoSave */,
			);
		};
/* End PBXProject section */

/* Begin PBXResourcesBuildPhase section */
		874F01011E652F1100807B8B /* Resources */ = {
			isa = PBXResourcesBuildPhase;
			buildActionMask = 2147483647;
			files = (
				8773222B1E66D02000A35C30 /* docdoc.gpx in Resources */,
				874F01111E652F1200807B8B /* LaunchScreen.storyboard in Resources */,
				874F010E1E652F1200807B8B /* Assets.xcassets in Resources */,
				877322291E66CFD700A35C30 /* mylocation.gpx in Resources */,
				874F010C1E652F1200807B8B /* Main.storyboard in Resources */,
			);
			runOnlyForDeploymentPostprocessing = 0;
		};
/* End PBXResourcesBuildPhase section */

/* Begin PBXShellScriptBuildPhase section */
		5E03F256DA7456045D339638 /* [CP] Embed Pods Frameworks */ = {
			isa = PBXShellScriptBuildPhase;
			buildActionMask = 2147483647;
			files = (
			);
			inputPaths = (
			);
			name = "[CP] Embed Pods Frameworks";
			outputPaths = (
			);
			runOnlyForDeploymentPostprocessing = 0;
			shellPath = /bin/sh;
			shellScript = "\"${SRCROOT}/Pods/Target Support Files/Pods-GoSave/Pods-GoSave-frameworks.sh\"\n";
			showEnvVarsInLog = 0;
		};
		C73B4F0ECAE2868A06AC8071 /* [CP] Copy Pods Resources */ = {
			isa = PBXShellScriptBuildPhase;
			buildActionMask = 2147483647;
			files = (
			);
			inputPaths = (
			);
			name = "[CP] Copy Pods Resources";
			outputPaths = (
			);
			runOnlyForDeploymentPostprocessing = 0;
			shellPath = /bin/sh;
			shellScript = "\"${SRCROOT}/Pods/Target Support Files/Pods-GoSave/Pods-GoSave-resources.sh\"\n";
			showEnvVarsInLog = 0;
		};
		D43835ACFB78F0F378E4970A /* [CP] Check Pods Manifest.lock */ = {
			isa = PBXShellScriptBuildPhase;
			buildActionMask = 2147483647;
			files = (
			);
			inputPaths = (
			);
			name = "[CP] Check Pods Manifest.lock";
			outputPaths = (
			);
			runOnlyForDeploymentPostprocessing = 0;
			shellPath = /bin/sh;
			shellScript = "diff \"${PODS_ROOT}/../Podfile.lock\" \"${PODS_ROOT}/Manifest.lock\" > /dev/null\nif [ $? != 0 ] ; then\n    # print error to STDERR\n    echo \"error: The sandbox is not in sync with the Podfile.lock. Run 'pod install' or update your CocoaPods installation.\" >&2\n    exit 1\nfi\n";
			showEnvVarsInLog = 0;
		};
/* End PBXShellScriptBuildPhase section */

/* Begin PBXSourcesBuildPhase section */
		874F00FF1E652F1100807B8B /* Sources */ = {
			isa = PBXSourcesBuildPhase;
			buildActionMask = 2147483647;
			files = (
				874F011D1E6579AA00807B8B /* EditPlaceViewController.swift in Sources */,
				874F01191E656DC000807B8B /* Place.swift in Sources */,
				874F01091E652F1200807B8B /* PlaceTableViewController.swift in Sources */,
				877322271E667E2C00A35C30 /* PlaceDetailViewController.swift in Sources */,
				874F01071E652F1200807B8B /* AppDelegate.swift in Sources */,
				875E40511E7560D40084FE22 /* UIColor.swift in Sources */,
				8772CEB91E6EBD8B00B73765 /* NoLocationViewController.swift in Sources */,
				874F011B1E656F8500807B8B /* PlaceTableViewCell.swift in Sources */,
			);
			runOnlyForDeploymentPostprocessing = 0;
		};
/* End PBXSourcesBuildPhase section */

/* Begin PBXVariantGroup section */
		874F010A1E652F1200807B8B /* Main.storyboard */ = {
			isa = PBXVariantGroup;
			children = (
				874F010B1E652F1200807B8B /* Base */,
			);
			name = Main.storyboard;
			sourceTree = "<group>";
		};
		874F010F1E652F1200807B8B /* LaunchScreen.storyboard */ = {
			isa = PBXVariantGroup;
			children = (
				874F01101E652F1200807B8B /* Base */,
			);
			name = LaunchScreen.storyboard;
			sourceTree = "<group>";
		};
/* End PBXVariantGroup section */

/* Begin XCBuildConfiguration section */
		874F01131E652F1200807B8B /* Debug */ = {
			isa = XCBuildConfiguration;
			buildSettings = {
				ALWAYS_SEARCH_USER_PATHS = NO;
				CLANG_ANALYZER_NONNULL = YES;
				CLANG_CXX_LANGUAGE_STANDARD = "gnu++0x";
				CLANG_CXX_LIBRARY = "libc++";
				CLANG_ENABLE_MODULES = YES;
				CLANG_ENABLE_OBJC_ARC = YES;
				CLANG_WARN_BOOL_CONVERSION = YES;
				CLANG_WARN_CONSTANT_CONVERSION = YES;
				CLANG_WARN_DIRECT_OBJC_ISA_USAGE = YES_ERROR;
				CLANG_WARN_DOCUMENTATION_COMMENTS = YES;
				CLANG_WARN_EMPTY_BODY = YES;
				CLANG_WARN_ENUM_CONVERSION = YES;
				CLANG_WARN_INFINITE_RECURSION = YES;
				CLANG_WARN_INT_CONVERSION = YES;
				CLANG_WARN_OBJC_ROOT_CLASS = YES_ERROR;
				CLANG_WARN_SUSPICIOUS_MOVE = YES;
				CLANG_WARN_UNREACHABLE_CODE = YES;
				CLANG_WARN__DUPLICATE_METHOD_MATCH = YES;
				"CODE_SIGN_IDENTITY[sdk=iphoneos*]" = "iPhone Developer";
				COPY_PHASE_STRIP = NO;
				DEBUG_INFORMATION_FORMAT = dwarf;
				ENABLE_STRICT_OBJC_MSGSEND = YES;
				ENABLE_TESTABILITY = YES;
				GCC_C_LANGUAGE_STANDARD = gnu99;
				GCC_DYNAMIC_NO_PIC = NO;
				GCC_NO_COMMON_BLOCKS = YES;
				GCC_OPTIMIZATION_LEVEL = 0;
				GCC_PREPROCESSOR_DEFINITIONS = (
					"DEBUG=1",
					"$(inherited)",
				);
				GCC_WARN_64_TO_32_BIT_CONVERSION = YES;
				GCC_WARN_ABOUT_RETURN_TYPE = YES_ERROR;
				GCC_WARN_UNDECLARED_SELECTOR = YES;
				GCC_WARN_UNINITIALIZED_AUTOS = YES_AGGRESSIVE;
				GCC_WARN_UNUSED_FUNCTION = YES;
				GCC_WARN_UNUSED_VARIABLE = YES;
				IPHONEOS_DEPLOYMENT_TARGET = 10.2;
				MTL_ENABLE_DEBUG_INFO = YES;
				ONLY_ACTIVE_ARCH = YES;
				SDKROOT = iphoneos;
				SWIFT_ACTIVE_COMPILATION_CONDITIONS = DEBUG;
				SWIFT_OPTIMIZATION_LEVEL = "-Onone";
				TARGETED_DEVICE_FAMILY = "1,2";
			};
			name = Debug;
		};
		874F01141E652F1200807B8B /* Release */ = {
			isa = XCBuildConfiguration;
			buildSettings = {
				ALWAYS_SEARCH_USER_PATHS = NO;
				CLANG_ANALYZER_NONNULL = YES;
				CLANG_CXX_LANGUAGE_STANDARD = "gnu++0x";
				CLANG_CXX_LIBRARY = "libc++";
				CLANG_ENABLE_MODULES = YES;
				CLANG_ENABLE_OBJC_ARC = YES;
				CLANG_WARN_BOOL_CONVERSION = YES;
				CLANG_WARN_CONSTANT_CONVERSION = YES;
				CLANG_WARN_DIRECT_OBJC_ISA_USAGE = YES_ERROR;
				CLANG_WARN_DOCUMENTATION_COMMENTS = YES;
				CLANG_WARN_EMPTY_BODY = YES;
				CLANG_WARN_ENUM_CONVERSION = YES;
				CLANG_WARN_INFINITE_RECURSION = YES;
				CLANG_WARN_INT_CONVERSION = YES;
				CLANG_WARN_OBJC_ROOT_CLASS = YES_ERROR;
				CLANG_WARN_SUSPICIOUS_MOVE = YES;
				CLANG_WARN_UNREACHABLE_CODE = YES;
				CLANG_WARN__DUPLICATE_METHOD_MATCH = YES;
				"CODE_SIGN_IDENTITY[sdk=iphoneos*]" = "iPhone Developer";
				COPY_PHASE_STRIP = NO;
				DEBUG_INFORMATION_FORMAT = "dwarf-with-dsym";
				ENABLE_NS_ASSERTIONS = NO;
				ENABLE_STRICT_OBJC_MSGSEND = YES;
				GCC_C_LANGUAGE_STANDARD = gnu99;
				GCC_NO_COMMON_BLOCKS = YES;
				GCC_WARN_64_TO_32_BIT_CONVERSION = YES;
				GCC_WARN_ABOUT_RETURN_TYPE = YES_ERROR;
				GCC_WARN_UNDECLARED_SELECTOR = YES;
				GCC_WARN_UNINITIALIZED_AUTOS = YES_AGGRESSIVE;
				GCC_WARN_UNUSED_FUNCTION = YES;
				GCC_WARN_UNUSED_VARIABLE = YES;
				IPHONEOS_DEPLOYMENT_TARGET = 10.2;
				MTL_ENABLE_DEBUG_INFO = NO;
				SDKROOT = iphoneos;
				SWIFT_OPTIMIZATION_LEVEL = "-Owholemodule";
				TARGETED_DEVICE_FAMILY = "1,2";
				VALIDATE_PRODUCT = YES;
			};
			name = Release;
		};
		874F01161E652F1200807B8B /* Debug */ = {
			isa = XCBuildConfiguration;
			baseConfigurationReference = 9EFC9C9FA5EA5B1FEC6542B4 /* Pods-GoSave.debug.xcconfig */;
			buildSettings = {
				ASSETCATALOG_COMPILER_APPICON_NAME = AppIcon;
				DEVELOPMENT_TEAM = F6F4W5PQ9B;
				INFOPLIST_FILE = GoSave/Info.plist;
				LD_RUNPATH_SEARCH_PATHS = "$(inherited) @executable_path/Frameworks";
				PRODUCT_BUNDLE_IDENTIFIER = nguyen7thai.GoSave;
				PRODUCT_NAME = "$(TARGET_NAME)";
				SWIFT_VERSION = 3.0;
			};
			name = Debug;
		};
		874F01171E652F1200807B8B /* Release */ = {
			isa = XCBuildConfiguration;
			baseConfigurationReference = 12AF0F083D6D1A6C92078AAF /* Pods-GoSave.release.xcconfig */;
			buildSettings = {
				ASSETCATALOG_COMPILER_APPICON_NAME = AppIcon;
				DEVELOPMENT_TEAM = F6F4W5PQ9B;
				INFOPLIST_FILE = GoSave/Info.plist;
				LD_RUNPATH_SEARCH_PATHS = "$(inherited) @executable_path/Frameworks";
				PRODUCT_BUNDLE_IDENTIFIER = nguyen7thai.GoSave;
				PRODUCT_NAME = "$(TARGET_NAME)";
				SWIFT_VERSION = 3.0;
			};
			name = Release;
		};
/* End XCBuildConfiguration section */

/* Begin XCConfigurationList section */
		874F00FE1E652F1100807B8B /* Build configuration list for PBXProject "GoSave" */ = {
			isa = XCConfigurationList;
			buildConfigurations = (
				874F01131E652F1200807B8B /* Debug */,
				874F01141E652F1200807B8B /* Release */,
			);
			defaultConfigurationIsVisible = 0;
			defaultConfigurationName = Release;
		};
		874F01151E652F1200807B8B /* Build configuration list for PBXNativeTarget "GoSave" */ = {
			isa = XCConfigurationList;
			buildConfigurations = (
				874F01161E652F1200807B8B /* Debug */,
				874F01171E652F1200807B8B /* Release */,
			);
			defaultConfigurationIsVisible = 0;
			defaultConfigurationName = Release;
		};
/* End XCConfigurationList section */
	};
	rootObject = 874F00FB1E652F1100807B8B /* Project object */;
}
